# THIS IS AN AUTOGENERATED FILE. DO NOT EDIT THIS FILE DIRECTLY.
# yarn lockfile v1


"@types/node@^18.6.4":
  version "18.6.4"
  resolved "https://registry.yarnpkg.com/@types/node/-/node-18.6.4.tgz#fd26723a8a3f8f46729812a7f9b4fc2d1608ed39"
  integrity sha512-I4BD3L+6AWiUobfxZ49DlU43gtI+FTHSv9pE2Zekg6KjMpre4ByusaljW3vYSLJrvQ1ck1hUaeVu8HVlY3vzHg==

"@types/serverless@^3.12.8":
  version "3.12.8"
  resolved "https://registry.yarnpkg.com/@types/serverless/-/serverless-3.12.8.tgz#6a34e382e4887ce4e2dca1bf309e3015cd21e200"
  integrity sha512-z2qnRRghiVU0Gi7tYDabDjCgz13nPw8uanTaWFTVr0YJ8H2+2D4tY3R45WQ50b4bG3gA/TP3sYNuxVI5Epf90g==

prettier@^2.7.1:
  version "2.7.1"
  resolved "https://registry.yarnpkg.com/prettier/-/prettier-2.7.1.tgz#e235806850d057f97bb08368a4f7d899f7760c64"
  integrity sha512-ujppO+MkdPqoVINuDFDRLClm7D78qbDt0/NR+wp5FqEZOoTNAjPHWj17QRhu7geIHJfcNhRk1XVQmF8Bp3ye+g==

typescript@^4.7.4:
  version "4.7.4"
  resolved "https://registry.yarnpkg.com/typescript/-/typescript-4.7.4.tgz#1a88596d1cf47d59507a1bcdfb5b9dfe4d488235"
  integrity sha512-C0WQT0gezHuw6AdY1M2jxUO83Rjf0HP7Sk1DtXj6j1EwkQNZrHAg2XPWlq62oqEhYvONq5pkC2Y9oPljWToLmQ==
